<?xml version="1.0" encoding="utf-8"?>
<Project ToolsVersion="4.0" xmlns="http://schemas.microsoft.com/developer/msbuild/2003">
  <ItemGroup>
    <Filter Include="原始程式檔">
      <UniqueIdentifier>{4FC737F1-C7A5-4376-A066-2A32D752A2FF}</UniqueIdentifier>
      <Extensions>cpp;c;cc;cxx;def;odl;idl;hpj;bat;asm;asmx</Extensions>
    </Filter>
    <Filter Include="標頭檔">
      <UniqueIdentifier>{93995380-89BD-4b04-88EB-625FBE52EBFB}</UniqueIdentifier>
      <Extensions>h;hh;hpp;hxx;hm;inl;inc;xsd</Extensions>
    </Filter>
    <Filter Include="資源檔">
      <UniqueIdentifier>{67DA6AB6-F800-4c08-8B7A-83BB121AAD01}</UniqueIdentifier>
      <Extensions>rc;ico;cur;bmp;dlg;rc2;rct;bin;rgs;gif;jpg;jpeg;jpe;resx;tiff;tif;png;wav;mfcribbon-ms</Extensions>
    </Filter>
    <Filter Include="Tools">
      <UniqueIdentifier>{bfc62d41-b27e-4a4e-ae12-c77b4c613fd1}</UniqueIdentifier>
    </Filter>
    <Filter Include="Shaders">
      <UniqueIdentifier>{dbe04870-9a60-41ae-b190-d1ecacb0834b}</UniqueIdentifier>
    </Filter>
  </ItemGroup>
  <ItemGroup>
    <ClCompile Include="..\..\Source\Common.cpp">
      <Filter>Tools</Filter>
    </ClCompile>
    <ClCompile Include="..\..\Source\tiny_obj_loader.cpp">
      <Filter>Tools</Filter>
    </ClCompile>
    <ClCompile Include="..\..\Source\ViewManager.cpp">
      <Filter>Tools</Filter>
    </ClCompile>
    <ClCompile Include="..\..\Source\Cubemap\main.cpp">
      <Filter>原始程式檔</Filter>
    </ClCompile>
    <ClCompile Include="..\..\Source\ShaderObject.cpp">
      <Filter>Tools</Filter>
    </ClCompile>
    <ClCompile Include="..\..\Source\Cubemap\CubemapShader.cpp">
      <Filter>原始程式檔</Filter>
    </ClCompile>
    <ClCompile Include="..\..\Source\ResourcePath.cpp">
      <Filter>Tools</Filter>
    </ClCompile>
    <ClCompile Include="..\..\Source\Cubemap\DrawModelShader.cpp">
      <Filter>原始程式檔</Filter>
    </ClCompile>
    <ClCompile Include="..\..\Source\Cubemap\MyModel.cpp">
      <Filter>原始程式檔</Filter>
    </ClCompile>
  </ItemGroup>
  <ItemGroup>
    <ClInclude Include="..\..\Source\Cubemap\CubemapShader.h">
      <Filter>標頭檔</Filter>
    </ClInclude>
    <ClInclude Include="..\..\Source\Cubemap\DrawModelShader.h">
      <Filter>標頭檔</Filter>
    </ClInclude>
    <ClInclude Include="..\..\Source\Cubemap\MyModel.h">
      <Filter>標頭檔</Filter>
    </ClInclude>
  </ItemGroup>
  <ItemGroup>
    <None Include="..\..\Assets\Shader\Cubemap\cubemap.fs.glsl">
      <Filter>Shaders</Filter>
    </None>
    <None Include="..\..\Assets\Shader\Cubemap\cubemap.vs.glsl">
      <Filter>Shaders</Filter>
    </None>
    <None Include="..\..\Assets\Shader\Cubemap\drawModel.fs.glsl">
      <Filter>Shaders</Filter>
    </None>
    <None Include="..\..\Assets\Shader\Cubemap\drawModel.vs.glsl">
      <Filter>Shaders</Filter>
    </None>
  </ItemGroup>
</Project>