<?xml version="1.0" encoding="utf-8"?>
<Project ToolsVersion="4.0" xmlns="http://schemas.microsoft.com/developer/msbuild/2003">
  <ItemGroup>
    <ClCompile Include="..\..\Source\Common.cpp">
      <Filter>Tools</Filter>
    </ClCompile>
    <ClCompile Include="..\..\Source\tiny_obj_loader.cpp">
      <Filter>Tools</Filter>
    </ClCompile>
    <ClCompile Include="..\..\Source\ViewManager.cpp">
      <Filter>Tools</Filter>
    </ClCompile>
    <ClCompile Include="..\..\Source\BasicTexture\main.cpp" />
  </ItemGroup>
  <ItemGroup>
    <Filter Include="Shaders">
      <UniqueIdentifier>{ecb2b53d-9c39-4597-8428-31764fc1bbfd}</UniqueIdentifier>
    </Filter>
    <Filter Include="Tools">
      <UniqueIdentifier>{fccad2dc-3367-4183-ad61-51186f19179b}</UniqueIdentifier>
    </Filter>
  </ItemGroup>
  <ItemGroup>
    <None Include="..\..\Assets\Shader\BasicTexture\fragment.fs.glsl">
      <Filter>Shaders</Filter>
    </None>
    <None Include="..\..\Assets\Shader\BasicTexture\vertex.vs.glsl">
      <Filter>Shaders</Filter>
    </None>
  </ItemGroup>
</Project>